
Microsoft Visual Studio Solution File, Format Version 12.00
# Visual Studio 15
VisualStudioVersion = 15.0.27703.2042
MinimumVisualStudioVersion = 10.0.40219.1
Project("{9A19103F-16F7-4668-BE54-9A1E7A4F7556}") = "SimpleService_Docker", "src\SimpleService_Docker\SimpleService_Docker.csproj", "{F6063F07-9996-403A-9C7A-EF67B7A135F6}"
EndProject
Project("{9A19103F-16F7-4668-BE54-9A1E7A4F7556}") = "WebApiTest", "src\WebApiTest\WebApiTest.csproj", "{A64E74E3-25D9-43C0-A2AD-E74329F8177B}"
EndProject
Project("{E53339B2-1760-4266-BCC7-CA923CBCF16C}") = "docker-compose", "docker-compose.dcproj", "{164BDD41-3AFF-4F3A-AE48-3614244431D8}"
EndProject
Project("{9A19103F-16F7-4668-BE54-9A1E7A4F7556}") = "WebTest", "src\WebTest\WebTest.csproj", "{931552C2-AF01-49A5-B283-24624F7CC620}"
EndProject
Project("{9A19103F-16F7-4668-BE54-9A1E7A4F7556}") = "ApiGateway_Kubernetes", "src\ApiGateway-Kubernetes\ApiGateway_Kubernetes.csproj", "{9D0F367D-BBBA-40F3-B7D8-45741E133B03}"
EndProject
Project("{2150E333-8FDC-42A3-9474-1A3956D46DE8}") = "UT", "UT", "{A99346C6-2385-4A65-8FCC-F401753DAE06}"
EndProject
Project("{9A19103F-16F7-4668-BE54-9A1E7A4F7556}") = "PrimeService", "src\PrimeService\PrimeService.csproj", "{01FEEE50-9E77-423C-9AE1-7E5BC6558CE7}"
EndProject
Project("{9A19103F-16F7-4668-BE54-9A1E7A4F7556}") = "PrimeService.Tests", "src\PrimeService.Tests\PrimeService.Tests.csproj", "{FBD0FE4B-28D0-408E-891A-CC27DA8F978B}"
EndProject
Project("{9A19103F-16F7-4668-BE54-9A1E7A4F7556}") = "WebTest.Tests", "src\WebTest.Tests\WebTest.Tests.csproj", "{EB847643-BC56-488A-B0A9-E15B61718A9F}"
EndProject
Project("{9A19103F-16F7-4668-BE54-9A1E7A4F7556}") = "Rating", "src\Rating\Rating.csproj", "{2FA60C84-6289-498C-B517-8151E4346CAD}"
EndProject
Project("{2150E333-8FDC-42A3-9474-1A3956D46DE8}") = "RabbitMQ", "RabbitMQ", "{DE252BC0-FBB9-4A5F-A41D-C16082BEFDCD}"
EndProject
Project("{9A19103F-16F7-4668-BE54-9A1E7A4F7556}") = "Send", "src\RabbitMQ.Send\Send.csproj", "{9FBD058D-BCB5-47AD-A698-DBDB802D1DFA}"
EndProject
Project("{9A19103F-16F7-4668-BE54-9A1E7A4F7556}") = "Receive", "src\RabbitMQ.Receive\Receive.csproj", "{A1F841D4-7AE6-4BE0-8E35-C19E608E5C0B}"
EndProject
Project("{9A19103F-16F7-4668-BE54-9A1E7A4F7556}") = "NewTask", "src\RabbitMQ.NewTask\NewTask.csproj", "{6FC1E44E-3385-4FCB-A2F6-9B9CB5951E92}"
EndProject
Project("{9A19103F-16F7-4668-BE54-9A1E7A4F7556}") = "Worker", "src\RabbitMQ.Worker\Worker.csproj", "{48BF50BF-ACAF-4941-8D04-2C0843A184BB}"
EndProject
Project("{9A19103F-16F7-4668-BE54-9A1E7A4F7556}") = "EmitLog", "src\RabbitMQ.EmitLog\EmitLog.csproj", "{3BB3FD4C-BC40-431D-B3D3-C447115681BC}"
EndProject
Project("{9A19103F-16F7-4668-BE54-9A1E7A4F7556}") = "ReceiveLogs", "src\RabbitMQ.ReceiveLogs\ReceiveLogs.csproj", "{692E1170-F44C-40C7-AE2B-1B8F6D947731}"
EndProject
Project("{9A19103F-16F7-4668-BE54-9A1E7A4F7556}") = "Kikker.HealthCheck", "src\KikkerHealthCheck\Kikker.HealthCheck.csproj", "{D3220B6C-07D4-4F1C-AAB4-E557AFC2F4C5}"
EndProject
Project("{2150E333-8FDC-42A3-9474-1A3956D46DE8}") = "HttpClient", "HttpClient", "{D1623084-1256-4622-8A56-D5F8AF6218EA}"
EndProject
Project("{9A19103F-16F7-4668-BE54-9A1E7A4F7556}") = "PollyWithHttpClient", "src\PollyWithHttpClient\PollyWithHttpClient.csproj", "{274A5398-0193-4BF9-9526-5F315F62889B}"
EndProject
Project("{2150E333-8FDC-42A3-9474-1A3956D46DE8}") = "ScheduleTasks", "ScheduleTasks", "{899DB9A5-9BE8-421E-A0E6-B2463370FFF6}"
EndProject
Project("{FAE04EC0-301F-11D3-BF4B-00C04F79EFBC}") = "KikkerScheduledTasks", "src\KikkerScheduledTasks\KikkerScheduledTasks.csproj", "{74E4F120-A466-48CD-86C5-EEE16E4C2D3E}"
EndProject
Global
	GlobalSection(SolutionConfigurationPlatforms) = preSolution
		Debug|Any CPU = Debug|Any CPU
		Release|Any CPU = Release|Any CPU
	EndGlobalSection
	GlobalSection(ProjectConfigurationPlatforms) = postSolution
		{F6063F07-9996-403A-9C7A-EF67B7A135F6}.Debug|Any CPU.ActiveCfg = Debug|Any CPU
		{F6063F07-9996-403A-9C7A-EF67B7A135F6}.Debug|Any CPU.Build.0 = Debug|Any CPU
		{F6063F07-9996-403A-9C7A-EF67B7A135F6}.Release|Any CPU.ActiveCfg = Release|Any CPU
		{F6063F07-9996-403A-9C7A-EF67B7A135F6}.Release|Any CPU.Build.0 = Release|Any CPU
		{A64E74E3-25D9-43C0-A2AD-E74329F8177B}.Debug|Any CPU.ActiveCfg = Debug|Any CPU
		{A64E74E3-25D9-43C0-A2AD-E74329F8177B}.Debug|Any CPU.Build.0 = Debug|Any CPU
		{A64E74E3-25D9-43C0-A2AD-E74329F8177B}.Release|Any CPU.ActiveCfg = Release|Any CPU
		{A64E74E3-25D9-43C0-A2AD-E74329F8177B}.Release|Any CPU.Build.0 = Release|Any CPU
		{164BDD41-3AFF-4F3A-AE48-3614244431D8}.Debug|Any CPU.ActiveCfg = Debug|Any CPU
		{164BDD41-3AFF-4F3A-AE48-3614244431D8}.Debug|Any CPU.Build.0 = Debug|Any CPU
		{164BDD41-3AFF-4F3A-AE48-3614244431D8}.Release|Any CPU.ActiveCfg = Release|Any CPU
		{164BDD41-3AFF-4F3A-AE48-3614244431D8}.Release|Any CPU.Build.0 = Release|Any CPU
		{931552C2-AF01-49A5-B283-24624F7CC620}.Debug|Any CPU.ActiveCfg = Debug|Any CPU
		{931552C2-AF01-49A5-B283-24624F7CC620}.Debug|Any CPU.Build.0 = Debug|Any CPU
		{931552C2-AF01-49A5-B283-24624F7CC620}.Release|Any CPU.ActiveCfg = Release|Any CPU
		{931552C2-AF01-49A5-B283-24624F7CC620}.Release|Any CPU.Build.0 = Release|Any CPU
		{9D0F367D-BBBA-40F3-B7D8-45741E133B03}.Debug|Any CPU.ActiveCfg = Debug|Any CPU
		{9D0F367D-BBBA-40F3-B7D8-45741E133B03}.Debug|Any CPU.Build.0 = Debug|Any CPU
		{9D0F367D-BBBA-40F3-B7D8-45741E133B03}.Release|Any CPU.ActiveCfg = Release|Any CPU
		{9D0F367D-BBBA-40F3-B7D8-45741E133B03}.Release|Any CPU.Build.0 = Release|Any CPU
		{01FEEE50-9E77-423C-9AE1-7E5BC6558CE7}.Debug|Any CPU.ActiveCfg = Debug|Any CPU
		{01FEEE50-9E77-423C-9AE1-7E5BC6558CE7}.Debug|Any CPU.Build.0 = Debug|Any CPU
		{01FEEE50-9E77-423C-9AE1-7E5BC6558CE7}.Release|Any CPU.ActiveCfg = Release|Any CPU
		{01FEEE50-9E77-423C-9AE1-7E5BC6558CE7}.Release|Any CPU.Build.0 = Release|Any CPU
		{FBD0FE4B-28D0-408E-891A-CC27DA8F978B}.Debug|Any CPU.ActiveCfg = Debug|Any CPU
		{FBD0FE4B-28D0-408E-891A-CC27DA8F978B}.Debug|Any CPU.Build.0 = Debug|Any CPU
		{FBD0FE4B-28D0-408E-891A-CC27DA8F978B}.Release|Any CPU.ActiveCfg = Release|Any CPU
		{FBD0FE4B-28D0-408E-891A-CC27DA8F978B}.Release|Any CPU.Build.0 = Release|Any CPU
		{EB847643-BC56-488A-B0A9-E15B61718A9F}.Debug|Any CPU.ActiveCfg = Debug|Any CPU
		{EB847643-BC56-488A-B0A9-E15B61718A9F}.Debug|Any CPU.Build.0 = Debug|Any CPU
		{EB847643-BC56-488A-B0A9-E15B61718A9F}.Release|Any CPU.ActiveCfg = Release|Any CPU
		{EB847643-BC56-488A-B0A9-E15B61718A9F}.Release|Any CPU.Build.0 = Release|Any CPU
		{2FA60C84-6289-498C-B517-8151E4346CAD}.Debug|Any CPU.ActiveCfg = Debug|Any CPU
		{2FA60C84-6289-498C-B517-8151E4346CAD}.Debug|Any CPU.Build.0 = Debug|Any CPU
		{2FA60C84-6289-498C-B517-8151E4346CAD}.Release|Any CPU.ActiveCfg = Release|Any CPU
		{2FA60C84-6289-498C-B517-8151E4346CAD}.Release|Any CPU.Build.0 = Release|Any CPU
		{9FBD058D-BCB5-47AD-A698-DBDB802D1DFA}.Debug|Any CPU.ActiveCfg = Debug|Any CPU
		{9FBD058D-BCB5-47AD-A698-DBDB802D1DFA}.Debug|Any CPU.Build.0 = Debug|Any CPU
		{9FBD058D-BCB5-47AD-A698-DBDB802D1DFA}.Release|Any CPU.ActiveCfg = Release|Any CPU
		{9FBD058D-BCB5-47AD-A698-DBDB802D1DFA}.Release|Any CPU.Build.0 = Release|Any CPU
		{A1F841D4-7AE6-4BE0-8E35-C19E608E5C0B}.Debug|Any CPU.ActiveCfg = Debug|Any CPU
		{A1F841D4-7AE6-4BE0-8E35-C19E608E5C0B}.Debug|Any CPU.Build.0 = Debug|Any CPU
		{A1F841D4-7AE6-4BE0-8E35-C19E608E5C0B}.Release|Any CPU.ActiveCfg = Release|Any CPU
		{A1F841D4-7AE6-4BE0-8E35-C19E608E5C0B}.Release|Any CPU.Build.0 = Release|Any CPU
		{6FC1E44E-3385-4FCB-A2F6-9B9CB5951E92}.Debug|Any CPU.ActiveCfg = Debug|Any CPU
		{6FC1E44E-3385-4FCB-A2F6-9B9CB5951E92}.Debug|Any CPU.Build.0 = Debug|Any CPU
		{6FC1E44E-3385-4FCB-A2F6-9B9CB5951E92}.Release|Any CPU.ActiveCfg = Release|Any CPU
		{6FC1E44E-3385-4FCB-A2F6-9B9CB5951E92}.Release|Any CPU.Build.0 = Release|Any CPU
		{48BF50BF-ACAF-4941-8D04-2C0843A184BB}.Debug|Any CPU.ActiveCfg = Debug|Any CPU
		{48BF50BF-ACAF-4941-8D04-2C0843A184BB}.Debug|Any CPU.Build.0 = Debug|Any CPU
		{48BF50BF-ACAF-4941-8D04-2C0843A184BB}.Release|Any CPU.ActiveCfg = Release|Any CPU
		{48BF50BF-ACAF-4941-8D04-2C0843A184BB}.Release|Any CPU.Build.0 = Release|Any CPU
		{3BB3FD4C-BC40-431D-B3D3-C447115681BC}.Debug|Any CPU.ActiveCfg = Debug|Any CPU
		{3BB3FD4C-BC40-431D-B3D3-C447115681BC}.Debug|Any CPU.Build.0 = Debug|Any CPU
		{3BB3FD4C-BC40-431D-B3D3-C447115681BC}.Release|Any CPU.ActiveCfg = Release|Any CPU
		{3BB3FD4C-BC40-431D-B3D3-C447115681BC}.Release|Any CPU.Build.0 = Release|Any CPU
		{692E1170-F44C-40C7-AE2B-1B8F6D947731}.Debug|Any CPU.ActiveCfg = Debug|Any CPU
		{692E1170-F44C-40C7-AE2B-1B8F6D947731}.Debug|Any CPU.Build.0 = Debug|Any CPU
		{692E1170-F44C-40C7-AE2B-1B8F6D947731}.Release|Any CPU.ActiveCfg = Release|Any CPU
		{692E1170-F44C-40C7-AE2B-1B8F6D947731}.Release|Any CPU.Build.0 = Release|Any CPU
		{D3220B6C-07D4-4F1C-AAB4-E557AFC2F4C5}.Debug|Any CPU.ActiveCfg = Debug|Any CPU
		{D3220B6C-07D4-4F1C-AAB4-E557AFC2F4C5}.Debug|Any CPU.Build.0 = Debug|Any CPU
		{D3220B6C-07D4-4F1C-AAB4-E557AFC2F4C5}.Release|Any CPU.ActiveCfg = Release|Any CPU
		{D3220B6C-07D4-4F1C-AAB4-E557AFC2F4C5}.Release|Any CPU.Build.0 = Release|Any CPU
		{274A5398-0193-4BF9-9526-5F315F62889B}.Debug|Any CPU.ActiveCfg = Debug|Any CPU
		{274A5398-0193-4BF9-9526-5F315F62889B}.Debug|Any CPU.Build.0 = Debug|Any CPU
		{274A5398-0193-4BF9-9526-5F315F62889B}.Release|Any CPU.ActiveCfg = Release|Any CPU
		{274A5398-0193-4BF9-9526-5F315F62889B}.Release|Any CPU.Build.0 = Release|Any CPU
		{74E4F120-A466-48CD-86C5-EEE16E4C2D3E}.Debug|Any CPU.ActiveCfg = Debug|Any CPU
		{74E4F120-A466-48CD-86C5-EEE16E4C2D3E}.Debug|Any CPU.Build.0 = Debug|Any CPU
		{74E4F120-A466-48CD-86C5-EEE16E4C2D3E}.Release|Any CPU.ActiveCfg = Release|Any CPU
		{74E4F120-A466-48CD-86C5-EEE16E4C2D3E}.Release|Any CPU.Build.0 = Release|Any CPU
	EndGlobalSection
	GlobalSection(SolutionProperties) = preSolution
		HideSolutionNode = FALSE
	EndGlobalSection
	GlobalSection(NestedProjects) = preSolution
		{FBD0FE4B-28D0-408E-891A-CC27DA8F978B} = {A99346C6-2385-4A65-8FCC-F401753DAE06}
		{EB847643-BC56-488A-B0A9-E15B61718A9F} = {A99346C6-2385-4A65-8FCC-F401753DAE06}
		{9FBD058D-BCB5-47AD-A698-DBDB802D1DFA} = {DE252BC0-FBB9-4A5F-A41D-C16082BEFDCD}
		{A1F841D4-7AE6-4BE0-8E35-C19E608E5C0B} = {DE252BC0-FBB9-4A5F-A41D-C16082BEFDCD}
		{6FC1E44E-3385-4FCB-A2F6-9B9CB5951E92} = {DE252BC0-FBB9-4A5F-A41D-C16082BEFDCD}
		{48BF50BF-ACAF-4941-8D04-2C0843A184BB} = {DE252BC0-FBB9-4A5F-A41D-C16082BEFDCD}
		{3BB3FD4C-BC40-431D-B3D3-C447115681BC} = {DE252BC0-FBB9-4A5F-A41D-C16082BEFDCD}
		{692E1170-F44C-40C7-AE2B-1B8F6D947731} = {DE252BC0-FBB9-4A5F-A41D-C16082BEFDCD}
		{274A5398-0193-4BF9-9526-5F315F62889B} = {D1623084-1256-4622-8A56-D5F8AF6218EA}
		{74E4F120-A466-48CD-86C5-EEE16E4C2D3E} = {899DB9A5-9BE8-421E-A0E6-B2463370FFF6}
	EndGlobalSection
	GlobalSection(ExtensibilityGlobals) = postSolution
		SolutionGuid = {E1A84422-C0C3-4F31-B774-2977B0D03CE2}
	EndGlobalSection
EndGlobal
